
Microsoft Visual Studio Solution File, Format Version 12.00
# Visual Studio Version 16
VisualStudioVersion = 16.0.32228.343
MinimumVisualStudioVersion = 10.0.40219.1
Project("{FAE04EC0-301F-11D3-BF4B-00C04F79EFBC}") = "TestBancoPichincha.Api.Cliente", "TestBancoPichincha.Api.Cliente\TestBancoPichincha.Api.Cliente.csproj", "{DDEFAA27-80B9-4C0D-A74A-A1978F0B5EF2}"
EndProject
Project("{FAE04EC0-301F-11D3-BF4B-00C04F79EFBC}") = "TestBancoPichincha.Api.Cuenta", "TestBancoPichincha.Api.Cuenta\TestBancoPichincha.Api.Cuenta.csproj", "{4134A09B-F845-47C6-A6C3-98D4B3BBA928}"
EndProject
Project("{FAE04EC0-301F-11D3-BF4B-00C04F79EFBC}") = "TestBancoPichincha.Api.Movimientos", "TestBancoPichincha.Api.Movimientos\TestBancoPichincha.Api.Movimientos.csproj", "{6D1D68AE-93B4-47A8-BEEF-7711CFDF13BC}"
EndProject
Project("{FAE04EC0-301F-11D3-BF4B-00C04F79EFBC}") = "TestBancoPichincha.Api.Test", "TestBancoPichincha.Api.Test\TestBancoPichincha.Api.Test.csproj", "{F82638DE-0682-4687-B934-AEE6181C81A3}"
EndProject
Global
	GlobalSection(SolutionConfigurationPlatforms) = preSolution
		Debug|Any CPU = Debug|Any CPU
		Release|Any CPU = Release|Any CPU
	EndGlobalSection
	GlobalSection(ProjectConfigurationPlatforms) = postSolution
		{DDEFAA27-80B9-4C0D-A74A-A1978F0B5EF2}.Debug|Any CPU.ActiveCfg = Debug|Any CPU
		{DDEFAA27-80B9-4C0D-A74A-A1978F0B5EF2}.Debug|Any CPU.Build.0 = Debug|Any CPU
		{DDEFAA27-80B9-4C0D-A74A-A1978F0B5EF2}.Release|Any CPU.ActiveCfg = Release|Any CPU
		{DDEFAA27-80B9-4C0D-A74A-A1978F0B5EF2}.Release|Any CPU.Build.0 = Release|Any CPU
		{4134A09B-F845-47C6-A6C3-98D4B3BBA928}.Debug|Any CPU.ActiveCfg = Debug|Any CPU
		{4134A09B-F845-47C6-A6C3-98D4B3BBA928}.Debug|Any CPU.Build.0 = Debug|Any CPU
		{4134A09B-F845-47C6-A6C3-98D4B3BBA928}.Release|Any CPU.ActiveCfg = Release|Any CPU
		{4134A09B-F845-47C6-A6C3-98D4B3BBA928}.Release|Any CPU.Build.0 = Release|Any CPU
		{6D1D68AE-93B4-47A8-BEEF-7711CFDF13BC}.Debug|Any CPU.ActiveCfg = Debug|Any CPU
		{6D1D68AE-93B4-47A8-BEEF-7711CFDF13BC}.Debug|Any CPU.Build.0 = Debug|Any CPU
		{6D1D68AE-93B4-47A8-BEEF-7711CFDF13BC}.Release|Any CPU.ActiveCfg = Release|Any CPU
		{6D1D68AE-93B4-47A8-BEEF-7711CFDF13BC}.Release|Any CPU.Build.0 = Release|Any CPU
		{F82638DE-0682-4687-B934-AEE6181C81A3}.Debug|Any CPU.ActiveCfg = Debug|Any CPU
		{F82638DE-0682-4687-B934-AEE6181C81A3}.Debug|Any CPU.Build.0 = Debug|Any CPU
		{F82638DE-0682-4687-B934-AEE6181C81A3}.Release|Any CPU.ActiveCfg = Release|Any CPU
		{F82638DE-0682-4687-B934-AEE6181C81A3}.Release|Any CPU.Build.0 = Release|Any CPU
	EndGlobalSection
	GlobalSection(SolutionProperties) = preSolution
		HideSolutionNode = FALSE
	EndGlobalSection
	GlobalSection(ExtensibilityGlobals) = postSolution
		SolutionGuid = {2FE89D1E-B611-4EFD-98C7-AA6802D48313}
	EndGlobalSection
EndGlobal
